# This file is automatically @generated by Cargo.
# It is not intended for manual editing.
version = 3

[[package]]
name = "i10_zokclub"
version = "0.1.0"

[[package]]
name = "i11_lost_funds"
version = "0.1.0"

[[package]]
name = "i12_the_power_of_integers"
version = "0.1.0"

[[package]]
name = "i13_umculo"
version = "0.1.0"

[[package]]
name = "i1_safe_bn254"
version = "0.1.0"

[[package]]
name = "i2_the_lost_relic"
version = "0.1.0"

[[package]]
name = "i3_it_is_over_9000"
version = "0.1.0"

[[package]]
name = "i4_the_day_of_sagittarius_iv"
version = "0.1.0"

[[package]]
name = "i5_a_tale_of_two_keys"
version = "0.1.0"

[[package]]
name = "i6_loki_s_vault"
version = "0.1.0"

[[package]]
name = "i7_operation_zk_rescue"
version = "0.1.0"

[[package]]
name = "i8_zk_rescue_part_2"
version = "0.1.0"

[[package]]
name = "i9_zokclub_as_it_should_ve_been"
version = "0.1.0"
